
Microsoft Visual Studio Solution File, Format Version 12.00
# Visual Studio Version 17
VisualStudioVersion = 17.2.32616.157
MinimumVisualStudioVersion = 10.0.40219.1
Project("{9A19103F-16F7-4668-BE54-9A1E7A4F7556}") = "Barcelona-Store", "Barcelona-Store\Barcelona-Store.csproj", "{60076D23-EA42-47C7-BCCA-73758D89DEF8}"
EndProject
Project("{9A19103F-16F7-4668-BE54-9A1E7A4F7556}") = "BarcelonaStore.DataAccess", "BarcelonaStore.DataAccess\BarcelonaStore.DataAccess.csproj", "{08071A40-22F5-4DCD-8A9A-85B7F47A9737}"
EndProject
Project("{9A19103F-16F7-4668-BE54-9A1E7A4F7556}") = "BarcelonaStore.Models", "BarcelonaStore.Models\BarcelonaStore.Models.csproj", "{176E95E6-F735-4E4F-AFC7-914628F6A01E}"
EndProject
Project("{9A19103F-16F7-4668-BE54-9A1E7A4F7556}") = "BarcelonaStore.Utility", "BarcelonaStore.Utility\BarcelonaStore.Utility.csproj", "{E50E9F8A-BBB9-41CE-B4FB-CAA351B16D44}"
EndProject
Global
	GlobalSection(SolutionConfigurationPlatforms) = preSolution
		Debug|Any CPU = Debug|Any CPU
		Release|Any CPU = Release|Any CPU
	EndGlobalSection
	GlobalSection(ProjectConfigurationPlatforms) = postSolution
		{60076D23-EA42-47C7-BCCA-73758D89DEF8}.Debug|Any CPU.ActiveCfg = Debug|Any CPU
		{60076D23-EA42-47C7-BCCA-73758D89DEF8}.Debug|Any CPU.Build.0 = Debug|Any CPU
		{60076D23-EA42-47C7-BCCA-73758D89DEF8}.Release|Any CPU.ActiveCfg = Release|Any CPU
		{60076D23-EA42-47C7-BCCA-73758D89DEF8}.Release|Any CPU.Build.0 = Release|Any CPU
		{08071A40-22F5-4DCD-8A9A-85B7F47A9737}.Debug|Any CPU.ActiveCfg = Debug|Any CPU
		{08071A40-22F5-4DCD-8A9A-85B7F47A9737}.Debug|Any CPU.Build.0 = Debug|Any CPU
		{08071A40-22F5-4DCD-8A9A-85B7F47A9737}.Release|Any CPU.ActiveCfg = Release|Any CPU
		{08071A40-22F5-4DCD-8A9A-85B7F47A9737}.Release|Any CPU.Build.0 = Release|Any CPU
		{176E95E6-F735-4E4F-AFC7-914628F6A01E}.Debug|Any CPU.ActiveCfg = Debug|Any CPU
		{176E95E6-F735-4E4F-AFC7-914628F6A01E}.Debug|Any CPU.Build.0 = Debug|Any CPU
		{176E95E6-F735-4E4F-AFC7-914628F6A01E}.Release|Any CPU.ActiveCfg = Release|Any CPU
		{176E95E6-F735-4E4F-AFC7-914628F6A01E}.Release|Any CPU.Build.0 = Release|Any CPU
		{E50E9F8A-BBB9-41CE-B4FB-CAA351B16D44}.Debug|Any CPU.ActiveCfg = Debug|Any CPU
		{E50E9F8A-BBB9-41CE-B4FB-CAA351B16D44}.Debug|Any CPU.Build.0 = Debug|Any CPU
		{E50E9F8A-BBB9-41CE-B4FB-CAA351B16D44}.Release|Any CPU.ActiveCfg = Release|Any CPU
		{E50E9F8A-BBB9-41CE-B4FB-CAA351B16D44}.Release|Any CPU.Build.0 = Release|Any CPU
	EndGlobalSection
	GlobalSection(SolutionProperties) = preSolution
		HideSolutionNode = FALSE
	EndGlobalSection
	GlobalSection(ExtensibilityGlobals) = postSolution
		SolutionGuid = {18752E15-0B38-47FF-83F3-F54623C726C6}
	EndGlobalSection
EndGlobal
